{
  "name": "package2",
  "version": "2.0.0",
  "lockfileVersion": 1,
  "requires": true,
  "dependencies": {
    "update-changelog-package": {
      "version": "1.0.0",
      "resolved": "https://registry.npmjs.org/update-changelog-package/-/update-changelog-package-1.0.0.tgz",
      "integrity": "sha512-OazbE03+snv66V/70gvFpaOt8guCf3YiV1f2chdAQvK9aFi4ibHTlCefMRJQSDG+MKvZFq9e4RDOc8zzGU5ILQ==",
      "dev": true
    }
  }
}
